
Microsoft Visual Studio Solution File, Format Version 12.00
# Visual Studio Version 17
VisualStudioVersion = 17.0.31612.314
MinimumVisualStudioVersion = 10.0.40219.1
Project("{9A19103F-16F7-4668-BE54-9A1E7A4F7556}") = "Sandbox", "Sandbox\Sandbox.csproj", "{CF9EF585-0255-4330-B087-B27E9C836DC2}"
EndProject
Project("{9A19103F-16F7-4668-BE54-9A1E7A4F7556}") = "Benchmark", "Benchmark\Benchmark.csproj", "{896915DF-84A8-416B-A2E5-11F512ED2A5A}"
EndProject
Project("{9A19103F-16F7-4668-BE54-9A1E7A4F7556}") = "xUnitTest", "xUnitTest\xUnitTest.csproj", "{D9157F7C-B66D-4AF8-ABA7-2D71CC41E865}"
EndProject
Project("{9A19103F-16F7-4668-BE54-9A1E7A4F7556}") = "Netsphere", "Netsphere\Netsphere.csproj", "{86C46839-ECBA-45E1-AABF-00AC3821302E}"
EndProject
Project("{2150E333-8FDC-42A3-9474-1A3956D46DE8}") = "Tests", "Tests", "{AE9492F0-6E89-4A0A-A835-81581B242E38}"
EndProject
Project("{9A19103F-16F7-4668-BE54-9A1E7A4F7556}") = "ConsoleTest", "Tests\ConsoleTest\ConsoleTest.csproj", "{9B38E161-5277-4690-A3CB-28684ACAA0B2}"
EndProject
Project("{9A19103F-16F7-4668-BE54-9A1E7A4F7556}") = "LPConsole", "LPConsole\LPConsole.csproj", "{CCFC7A4A-2B12-4DE7-87BD-3AB40E5D7B7B}"
EndProject
Project("{9A19103F-16F7-4668-BE54-9A1E7A4F7556}") = "LP", "LP\LP.csproj", "{994246FB-BE56-4852-AF71-4BF1F895F468}"
EndProject
Project("{9A19103F-16F7-4668-BE54-9A1E7A4F7556}") = "NetsphereTest", "Tests\NetsphereTest\NetsphereTest.csproj", "{1FA17624-DF09-4CFE-959B-44E72001E15C}"
EndProject
Project("{9A19103F-16F7-4668-BE54-9A1E7A4F7556}") = "NetsphereGenerator", "NetsphereGenerator\NetsphereGenerator.csproj", "{F5978E01-27A6-4DCC-90ED-31CAAC20A1F9}"
EndProject
Project("{9A19103F-16F7-4668-BE54-9A1E7A4F7556}") = "LPRunner", "LPRunner\LPRunner.csproj", "{65743477-7D52-460A-95A7-A905A370A015}"
EndProject
Project("{FAE04EC0-301F-11D3-BF4B-00C04F79EFBC}") = "QuickStartServer", "QuickStartServer\QuickStartServer.csproj", "{376C6C85-9344-4190-A2D8-354C6FCD6699}"
EndProject
Global
	GlobalSection(SolutionConfigurationPlatforms) = preSolution
		Debug|Any CPU = Debug|Any CPU
		Release|Any CPU = Release|Any CPU
	EndGlobalSection
	GlobalSection(ProjectConfigurationPlatforms) = postSolution
		{CF9EF585-0255-4330-B087-B27E9C836DC2}.Debug|Any CPU.ActiveCfg = Debug|Any CPU
		{CF9EF585-0255-4330-B087-B27E9C836DC2}.Debug|Any CPU.Build.0 = Debug|Any CPU
		{CF9EF585-0255-4330-B087-B27E9C836DC2}.Release|Any CPU.ActiveCfg = Release|Any CPU
		{CF9EF585-0255-4330-B087-B27E9C836DC2}.Release|Any CPU.Build.0 = Release|Any CPU
		{896915DF-84A8-416B-A2E5-11F512ED2A5A}.Debug|Any CPU.ActiveCfg = Debug|Any CPU
		{896915DF-84A8-416B-A2E5-11F512ED2A5A}.Debug|Any CPU.Build.0 = Debug|Any CPU
		{896915DF-84A8-416B-A2E5-11F512ED2A5A}.Release|Any CPU.ActiveCfg = Release|Any CPU
		{896915DF-84A8-416B-A2E5-11F512ED2A5A}.Release|Any CPU.Build.0 = Release|Any CPU
		{D9157F7C-B66D-4AF8-ABA7-2D71CC41E865}.Debug|Any CPU.ActiveCfg = Debug|Any CPU
		{D9157F7C-B66D-4AF8-ABA7-2D71CC41E865}.Debug|Any CPU.Build.0 = Debug|Any CPU
		{D9157F7C-B66D-4AF8-ABA7-2D71CC41E865}.Release|Any CPU.ActiveCfg = Release|Any CPU
		{D9157F7C-B66D-4AF8-ABA7-2D71CC41E865}.Release|Any CPU.Build.0 = Release|Any CPU
		{86C46839-ECBA-45E1-AABF-00AC3821302E}.Debug|Any CPU.ActiveCfg = Debug|Any CPU
		{86C46839-ECBA-45E1-AABF-00AC3821302E}.Debug|Any CPU.Build.0 = Debug|Any CPU
		{86C46839-ECBA-45E1-AABF-00AC3821302E}.Release|Any CPU.ActiveCfg = Release|Any CPU
		{86C46839-ECBA-45E1-AABF-00AC3821302E}.Release|Any CPU.Build.0 = Release|Any CPU
		{9B38E161-5277-4690-A3CB-28684ACAA0B2}.Debug|Any CPU.ActiveCfg = Debug|Any CPU
		{9B38E161-5277-4690-A3CB-28684ACAA0B2}.Debug|Any CPU.Build.0 = Debug|Any CPU
		{9B38E161-5277-4690-A3CB-28684ACAA0B2}.Release|Any CPU.ActiveCfg = Release|Any CPU
		{9B38E161-5277-4690-A3CB-28684ACAA0B2}.Release|Any CPU.Build.0 = Release|Any CPU
		{CCFC7A4A-2B12-4DE7-87BD-3AB40E5D7B7B}.Debug|Any CPU.ActiveCfg = Debug|Any CPU
		{CCFC7A4A-2B12-4DE7-87BD-3AB40E5D7B7B}.Debug|Any CPU.Build.0 = Debug|Any CPU
		{CCFC7A4A-2B12-4DE7-87BD-3AB40E5D7B7B}.Release|Any CPU.ActiveCfg = Release|Any CPU
		{CCFC7A4A-2B12-4DE7-87BD-3AB40E5D7B7B}.Release|Any CPU.Build.0 = Release|Any CPU
		{994246FB-BE56-4852-AF71-4BF1F895F468}.Debug|Any CPU.ActiveCfg = Debug|Any CPU
		{994246FB-BE56-4852-AF71-4BF1F895F468}.Debug|Any CPU.Build.0 = Debug|Any CPU
		{994246FB-BE56-4852-AF71-4BF1F895F468}.Release|Any CPU.ActiveCfg = Release|Any CPU
		{994246FB-BE56-4852-AF71-4BF1F895F468}.Release|Any CPU.Build.0 = Release|Any CPU
		{1FA17624-DF09-4CFE-959B-44E72001E15C}.Debug|Any CPU.ActiveCfg = Debug|Any CPU
		{1FA17624-DF09-4CFE-959B-44E72001E15C}.Debug|Any CPU.Build.0 = Debug|Any CPU
		{1FA17624-DF09-4CFE-959B-44E72001E15C}.Release|Any CPU.ActiveCfg = Release|Any CPU
		{1FA17624-DF09-4CFE-959B-44E72001E15C}.Release|Any CPU.Build.0 = Release|Any CPU
		{F5978E01-27A6-4DCC-90ED-31CAAC20A1F9}.Debug|Any CPU.ActiveCfg = Debug|Any CPU
		{F5978E01-27A6-4DCC-90ED-31CAAC20A1F9}.Debug|Any CPU.Build.0 = Debug|Any CPU
		{F5978E01-27A6-4DCC-90ED-31CAAC20A1F9}.Release|Any CPU.ActiveCfg = Release|Any CPU
		{F5978E01-27A6-4DCC-90ED-31CAAC20A1F9}.Release|Any CPU.Build.0 = Release|Any CPU
		{65743477-7D52-460A-95A7-A905A370A015}.Debug|Any CPU.ActiveCfg = Debug|Any CPU
		{65743477-7D52-460A-95A7-A905A370A015}.Debug|Any CPU.Build.0 = Debug|Any CPU
		{65743477-7D52-460A-95A7-A905A370A015}.Release|Any CPU.ActiveCfg = Release|Any CPU
		{65743477-7D52-460A-95A7-A905A370A015}.Release|Any CPU.Build.0 = Release|Any CPU
		{376C6C85-9344-4190-A2D8-354C6FCD6699}.Debug|Any CPU.ActiveCfg = Debug|Any CPU
		{376C6C85-9344-4190-A2D8-354C6FCD6699}.Debug|Any CPU.Build.0 = Debug|Any CPU
		{376C6C85-9344-4190-A2D8-354C6FCD6699}.Release|Any CPU.ActiveCfg = Release|Any CPU
		{376C6C85-9344-4190-A2D8-354C6FCD6699}.Release|Any CPU.Build.0 = Release|Any CPU
	EndGlobalSection
	GlobalSection(SolutionProperties) = preSolution
		HideSolutionNode = FALSE
	EndGlobalSection
	GlobalSection(NestedProjects) = preSolution
		{9B38E161-5277-4690-A3CB-28684ACAA0B2} = {AE9492F0-6E89-4A0A-A835-81581B242E38}
		{1FA17624-DF09-4CFE-959B-44E72001E15C} = {AE9492F0-6E89-4A0A-A835-81581B242E38}
	EndGlobalSection
	GlobalSection(ExtensibilityGlobals) = postSolution
		SolutionGuid = {AAA94CC8-1D05-4C23-80D9-D0C05EACEDB6}
	EndGlobalSection
EndGlobal
